{
  "nodes": {
    "flake-utils": {
      "inputs": {
        "systems": "systems"
      },
      "locked": {
        "lastModified": 1705309234,
        "narHash": "sha256-uNRRNRKmJyCRC/8y1RqBkqWBLM034y4qN7EprSdmgyA=",
        "owner": "numtide",
        "repo": "flake-utils",
        "rev": "1ef2e671c3b0c19053962c07dbda38332dcebf26",
        "type": "github"
      },
      "original": {
        "owner": "numtide",
        "repo": "flake-utils",
        "type": "github"
      }
    },
    "flake-utils_2": {
      "inputs": {
        "systems": "systems_2"
      },
      "locked": {
        "lastModified": 1710146030,
        "narHash": "sha256-SZ5L6eA7HJ/nmkzGG7/ISclqe6oZdOZTNoesiInkXPQ=",
        "owner": "numtide",
        "repo": "flake-utils",
        "rev": "b1d9ab70662946ef0850d488da1c9019f3a9752a",
        "type": "github"
      },
      "original": {
        "owner": "numtide",
        "repo": "flake-utils",
        "type": "github"
      }
    },
    "nixpkgs": {
      "locked": {
        "lastModified": 1719082008,
        "narHash": "sha256-jHJSUH619zBQ6WdC21fFAlDxHErKVDJ5fpN0Hgx4sjs=",
        "owner": "NixOS",
        "repo": "nixpkgs",
        "rev": "9693852a2070b398ee123a329e68f0dab5526681",
        "type": "github"
      },
      "original": {
        "id": "nixpkgs",
        "type": "indirect"
      }
    },
    "nixpkgs-esp-dev": {
      "inputs": {
        "flake-utils": "flake-utils",
        "nixpkgs": "nixpkgs_2"
      },
      "locked": {
        "lastModified": 1719246102,
        "narHash": "sha256-MUuO+S1MERIM8ZmET6nwGWNAavpfbcGAf0n3JpZ6faI=",
        "owner": "Lindboard",
        "repo": "nixpkgs-esp-dev",
        "rev": "7cd70a2730a7f25981311c71cc349dac3054ad66",
        "type": "github"
      },
      "original": {
        "owner": "Lindboard",
        "repo": "nixpkgs-esp-dev",
        "type": "github"
      }
    },
    "nixpkgs_2": {
      "locked": {
        "lastModified": 1707205916,
        "narHash": "sha256-fmRJilYGlB7VCt3XsdYxrA0u8e/K84O5xYucerUY0iM=",
        "owner": "NixOS",
        "repo": "nixpkgs",
        "rev": "8cc79aa39bbc6eaedaf286ae655b224c71e02907",
        "type": "github"
      },
      "original": {
        "id": "nixpkgs",
        "ref": "nixpkgs-unstable",
        "type": "indirect"
      }
    },
    "root": {
      "inputs": {
        "nixpkgs": "nixpkgs",
        "nixpkgs-esp-dev": "nixpkgs-esp-dev",
        "vesc-tool-flake": "vesc-tool-flake"
      }
    },
    "systems": {
      "locked": {
        "lastModified": 1681028828,
        "narHash": "sha256-Vy1rq5AaRuLzOxct8nz4T6wlgyUR7zLU309k9mBC768=",
        "owner": "nix-systems",
        "repo": "default",
        "rev": "da67096a3b9bf56a91d16901293e51ba5b49a27e",
        "type": "github"
      },
      "original": {
        "owner": "nix-systems",
        "repo": "default",
        "type": "github"
      }
    },
    "systems_2": {
      "locked": {
        "lastModified": 1681028828,
        "narHash": "sha256-Vy1rq5AaRuLzOxct8nz4T6wlgyUR7zLU309k9mBC768=",
        "owner": "nix-systems",
        "repo": "default",
        "rev": "da67096a3b9bf56a91d16901293e51ba5b49a27e",
        "type": "github"
      },
      "original": {
        "owner": "nix-systems",
        "repo": "default",
        "type": "github"
      }
    },
    "vesc-tool-flake": {
      "inputs": {
        "flake-utils": "flake-utils_2",
        "nixpkgs": [
          "nixpkgs"
        ],
        "vesc-tool-src": "vesc-tool-src"
      },
      "locked": {
        "lastModified": 1725542388,
        "narHash": "sha256-EoUTGHJ3G7oRPzDqHQzGPwPC3EwDUp+y/b8I7Kx0cyo=",
        "owner": "laxsjo",
        "repo": "vesc-tool-flake",
        "rev": "a484da2641887de1967394e05de1240df927d07a",
        "type": "github"
      },
      "original": {
        "owner": "laxsjo",
        "ref": "main",
        "repo": "vesc-tool-flake",
        "type": "github"
      }
    },
    "vesc-tool-src": {
      "flake": false,
      "locked": {
        "lastModified": 1723719866,
        "narHash": "sha256-McovpqvgwGzFM5wYcNoHnWe7lBRPmy0KZ+DrYaK5qgo=",
        "owner": "vedderb",
        "repo": "vesc_tool",
        "rev": "e4fcfe357493fa5d080892247af6b771cf078050",
        "type": "github"
      },
      "original": {
        "owner": "vedderb",
        "ref": "release_6_05",
        "repo": "vesc_tool",
        "type": "github"
      }
    }
  },
  "root": "root",
  "version": 7
}
